
Microsoft Visual Studio Solution File, Format Version 12.00
# Visual Studio Version 16
VisualStudioVersion = 16.0.35931.194
MinimumVisualStudioVersion = 10.0.40219.1
Project("{FAE04EC0-301F-11D3-BF4B-00C04F79EFBC}") = "ATMC", "ATMC\ATMC.csproj", "{8F6FEF59-9623-4843-A277-2C564C76EB4E}"
EndProject
Global
	GlobalSection(SolutionConfigurationPlatforms) = preSolution
		Debug|Any CPU = Debug|Any CPU
		Release|Any CPU = Release|Any CPU
	EndGlobalSection
	GlobalSection(ProjectConfigurationPlatforms) = postSolution
		{8F6FEF59-9623-4843-A277-2C564C76EB4E}.Debug|Any CPU.ActiveCfg = Debug|Any CPU
		{8F6FEF59-9623-4843-A277-2C564C76EB4E}.Debug|Any CPU.Build.0 = Debug|Any CPU
		{8F6FEF59-9623-4843-A277-2C564C76EB4E}.Release|Any CPU.ActiveCfg = Release|Any CPU
		{8F6FEF59-9623-4843-A277-2C564C76EB4E}.Release|Any CPU.Build.0 = Release|Any CPU
	EndGlobalSection
	GlobalSection(SolutionProperties) = preSolution
		HideSolutionNode = FALSE
	EndGlobalSection
	GlobalSection(ExtensibilityGlobals) = postSolution
		SolutionGuid = {3238D417-14E0-4F73-919D-82F6ACA9C7B1}
	EndGlobalSection
EndGlobal
